{
  "originHash" : "4f570b8894c80f73077a8f85746f55b39ce52f06fa49c7b65c97b30c0a00c2c3",
  "pins" : [
    {
      "identity" : "amsmb2",
      "kind" : "remoteSourceControl",
      "location" : "https://github.com/SorrowBlue/AMSMB2.git",
      "state" : {
        "branch" : "master",
        "revision" : "4734dec35299266844dcfbb400e58a76bfc6307d"
      }
    },
    {
      "identity" : "swiftzip",
      "kind" : "remoteSourceControl",
      "location" : "https://github.com/SwiftZip/SwiftZip.git",
      "state" : {
        "revision" : "97c2303d0fcc0bb6ae78a93ee10bdb91a1467c8f",
        "version" : "0.0.5"
      }
    }
  ],
  "version" : 3
}
